# generated by rye
# use `rye lock` or `rye sync` to update this lockfile
#
# last locked with the following flags:
#   pre: false
#   features: []
#   all-features: false
#   with-sources: false
#   generate-hashes: false
#   universal: false

-e file:.
argcomplete==3.5.0
    # via nox
colorlog==6.8.2
    # via nox
contourpy==1.2.1
    # via matplotlib
coverage==7.6.1
    # via pytest-cov
cycler==0.12.1
    # via matplotlib
distlib==0.3.8
    # via virtualenv
exceptiongroup==1.2.2
    # via pytest
execnet==2.1.1
    # via pytest-xdist
filelock==3.15.4
    # via virtualenv
fonttools==4.53.1
    # via matplotlib
iniconfig==2.0.0
    # via pytest
kiwisolver==1.4.5
    # via matplotlib
matplotlib==3.9.1.post1
    # via pyplotutil
mypy==1.11.1
mypy-extensions==1.0.0
    # via mypy
nox==2024.4.15
numpy==2.0.1
    # via contourpy
    # via matplotlib
    # via pandas
    # via pyplotutil
packaging==24.1
    # via matplotlib
    # via nox
    # via pytest
pandas==2.2.2
    # via pyplotutil
pillow==10.4.0
    # via matplotlib
platformdirs==4.2.2
    # via virtualenv
pluggy==1.5.0
    # via pytest
pyparsing==3.1.2
    # via matplotlib
pytest==8.3.2
    # via pytest-cov
    # via pytest-randomly
    # via pytest-xdist
pytest-cov==5.0.0
pytest-randomly==3.15.0
pytest-xdist==3.6.1
python-dateutil==2.9.0.post0
    # via matplotlib
    # via pandas
pytz==2024.1
    # via pandas
ruff==0.5.7
six==1.16.0
    # via python-dateutil
tomli==2.0.1
    # via coverage
    # via mypy
    # via nox
    # via pytest
typing-extensions==4.12.2
    # via mypy
tzdata==2024.1
    # via pandas
virtualenv==20.26.3
    # via nox
